schema: '2.0'
stages:
  data_ingestion:
    cmd: python src/data/data_ingestion.py
    deps:
    - path: src/data/data_ingestion.py
      hash: md5
      md5: b2e87c19ad0d9d0c4b128dc0b3070d95
      size: 3042
    params:
      params.yaml:
        data_ingestion.test_size: 0.25
    outs:
    - path: data/raw
      hash: md5
      md5: 3a301dd6a0b3caa261222635788eb1a5.dir
      size: 827973
      nfiles: 2
  data_preprocessing:
    cmd: python src/data/data_preprocessing.py
    deps:
    - path: data/raw
      hash: md5
      md5: 3a301dd6a0b3caa261222635788eb1a5.dir
      size: 827973
      nfiles: 2
    - path: src/data/data_preprocessing.py
      hash: md5
      md5: 60668719a06afab9ff674191a6545629
      size: 3825
    outs:
    - path: data/preprocessed
      hash: md5
      md5: b59a6d9deda25e18ae8ad7d7977cbe56.dir
      size: 566210
      nfiles: 2
  feature_engineering:
    cmd: python src/features/feature_engineering.py
    deps:
    - path: data/preprocessed
      hash: md5
      md5: b59a6d9deda25e18ae8ad7d7977cbe56.dir
      size: 566210
      nfiles: 2
    - path: src/features/feature_engineering.py
      hash: md5
      md5: 35baacdd04989071c90bcedd7c22d36d
      size: 3752
    params:
      params.yaml:
        feature_engineering.max_features: 75
    outs:
    - path: data/processed
      hash: md5
      md5: 68333486166168a3194a14236ebbbbe3.dir
      size: 1587666
      nfiles: 2
  model_building:
    cmd: python src/models/model_building.py
    deps:
    - path: data/processed
      hash: md5
      md5: 68333486166168a3194a14236ebbbbe3.dir
      size: 1587666
      nfiles: 2
    - path: src/models/model_building.py
      hash: md5
      md5: 998896fd9f22d1102fec29f12ab795ae
      size: 3140
    params:
      params.yaml:
        model_building.learning_rate: 0.01
        model_building.n_estimators: 150
    outs:
    - path: models/model.pkl
      hash: md5
      md5: 490939d30f6459db73a9596f86bcbd98
      size: 204865
  model_evaluation:
    cmd: python src/models/model_evaluation.py
    deps:
    - path: models/model.pkl
      hash: md5
      md5: 490939d30f6459db73a9596f86bcbd98
      size: 204865
    - path: src/models/model_evaluation.py
      hash: md5
      md5: c2534900f4dc523a3373e9758e778535
      size: 3323
    outs:
    - path: reports/metrics.json
      hash: md5
      md5: 1f0041c1eb35c8cb416a8ed0c734e365
      size: 146
